
Microsoft Visual Studio Solution File, Format Version 12.00
# Visual Studio 15
Project("{FAE04EC0-301F-11D3-BF4B-00C04F79EFBC}") = "JBooth.MicroSplat.Core.Editor", "JBooth.MicroSplat.Core.Editor.csproj", "{A0050F9C-65E4-B0B8-F357-41EB22A8980B}"
EndProject
Project("{FAE04EC0-301F-11D3-BF4B-00C04F79EFBC}") = "JBooth.MicroSplat.Core", "JBooth.MicroSplat.Core.csproj", "{7F8F38C8-35D0-5859-63F7-DDFCA367CB59}"
EndProject
Project("{FAE04EC0-301F-11D3-BF4B-00C04F79EFBC}") = "Assembly-CSharp", "Assembly-CSharp.csproj", "{75547EC8-3853-1A75-7F13-7A0FD945756F}"
EndProject
Global
	GlobalSection(SolutionConfigurationPlatforms) = preSolution
		Debug|Any CPU = Debug|Any CPU
		Release|Any CPU = Release|Any CPU
	EndGlobalSection
	GlobalSection(ProjectConfigurationPlatforms) = postSolution
		{A0050F9C-65E4-B0B8-F357-41EB22A8980B}.Debug|Any CPU.ActiveCfg = Debug|Any CPU
		{A0050F9C-65E4-B0B8-F357-41EB22A8980B}.Debug|Any CPU.Build.0 = Debug|Any CPU
		{A0050F9C-65E4-B0B8-F357-41EB22A8980B}.Release|Any CPU.ActiveCfg = Release|Any CPU
		{A0050F9C-65E4-B0B8-F357-41EB22A8980B}.Release|Any CPU.Build.0 = Release|Any CPU
		{7F8F38C8-35D0-5859-63F7-DDFCA367CB59}.Debug|Any CPU.ActiveCfg = Debug|Any CPU
		{7F8F38C8-35D0-5859-63F7-DDFCA367CB59}.Debug|Any CPU.Build.0 = Debug|Any CPU
		{7F8F38C8-35D0-5859-63F7-DDFCA367CB59}.Release|Any CPU.ActiveCfg = Release|Any CPU
		{7F8F38C8-35D0-5859-63F7-DDFCA367CB59}.Release|Any CPU.Build.0 = Release|Any CPU
		{75547EC8-3853-1A75-7F13-7A0FD945756F}.Debug|Any CPU.ActiveCfg = Debug|Any CPU
		{75547EC8-3853-1A75-7F13-7A0FD945756F}.Debug|Any CPU.Build.0 = Debug|Any CPU
		{75547EC8-3853-1A75-7F13-7A0FD945756F}.Release|Any CPU.ActiveCfg = Release|Any CPU
		{75547EC8-3853-1A75-7F13-7A0FD945756F}.Release|Any CPU.Build.0 = Release|Any CPU
	EndGlobalSection
	GlobalSection(SolutionProperties) = preSolution
		HideSolutionNode = FALSE
	EndGlobalSection
EndGlobal
